
Microsoft Visual Studio Solution File, Format Version 12.00
# Visual Studio Version 17
VisualStudioVersion = 17.8.34309.116
MinimumVisualStudioVersion = 10.0.40219.1
Project("{9A19103F-16F7-4668-BE54-9A1E7A4F7556}") = "Botick", "Botick\Botick.csproj", "{C3DB994D-5958-4095-9119-94F77B19DB39}"
EndProject
Project("{9A19103F-16F7-4668-BE54-9A1E7A4F7556}") = "BotickAPI.Server", "BotickAPI\BotickAPI.Server.csproj", "{CE1CACE8-46F1-4C9C-982D-17AE7C723C8F}"
EndProject
Project("{2150E333-8FDC-42A3-9474-1A3956D46DE8}") = "Client", "Client", "{CF0A6C7E-A04F-4823-A23D-E8DBA06505FB}"
EndProject
Project("{2150E333-8FDC-42A3-9474-1A3956D46DE8}") = "Server", "Server", "{AB8907CF-763C-4095-96AD-F9E94D13A806}"
EndProject
Project("{2150E333-8FDC-42A3-9474-1A3956D46DE8}") = "Presentation", "Presentation", "{15C4A7D1-BFB0-4BAC-8282-85FCA6D4F006}"
EndProject
Project("{2150E333-8FDC-42A3-9474-1A3956D46DE8}") = "Infrastructure", "Infrastructure", "{7BCEFB91-4307-4F9B-B444-84FF0A31F46C}"
EndProject
Project("{2150E333-8FDC-42A3-9474-1A3956D46DE8}") = "Core", "Core", "{8C22D1AD-43FC-40DB-A8D2-299E569FF730}"
EndProject
Project("{9A19103F-16F7-4668-BE54-9A1E7A4F7556}") = "BotickAPI.Application", "BotickAPI.Application\BotickAPI.Application.csproj", "{BCE4DDDE-1330-4D06-B6D9-6CE56898E6AB}"
EndProject
Project("{9A19103F-16F7-4668-BE54-9A1E7A4F7556}") = "BotickAPI.Domain", "BotickAPI.Domain\BotickAPI.Domain.csproj", "{A0084E3D-8847-4EEA-9C16-B9D1F4FBF829}"
EndProject
Project("{9A19103F-16F7-4668-BE54-9A1E7A4F7556}") = "BotickAPI.Persistence", "BotickAPI.Persistence\BotickAPI.Persistence.csproj", "{A784AD59-005A-4C35-B05D-D925AEA91330}"
EndProject
Project("{9A19103F-16F7-4668-BE54-9A1E7A4F7556}") = "BotickAPI.Infrastructure", "BotickAPI.Infrastructure\BotickAPI.Infrastructure.csproj", "{0B9BEEF5-5B90-42D0-8CB6-86A7FD908E6E}"
EndProject
Project("{2150E333-8FDC-42A3-9474-1A3956D46DE8}") = "Tests", "Tests", "{D412D015-CA39-436B-904D-F84E40BD19E1}"
EndProject
Project("{9A19103F-16F7-4668-BE54-9A1E7A4F7556}") = "Application.UnitTests", "Botick.UnitTests\Application.UnitTests.csproj", "{2C655BAC-D7E7-4BF6-BDB4-7AD8B4830844}"
EndProject
Global
	GlobalSection(SolutionConfigurationPlatforms) = preSolution
		Debug|Any CPU = Debug|Any CPU
		Release|Any CPU = Release|Any CPU
	EndGlobalSection
	GlobalSection(ProjectConfigurationPlatforms) = postSolution
		{C3DB994D-5958-4095-9119-94F77B19DB39}.Debug|Any CPU.ActiveCfg = Debug|Any CPU
		{C3DB994D-5958-4095-9119-94F77B19DB39}.Debug|Any CPU.Build.0 = Debug|Any CPU
		{C3DB994D-5958-4095-9119-94F77B19DB39}.Release|Any CPU.ActiveCfg = Release|Any CPU
		{C3DB994D-5958-4095-9119-94F77B19DB39}.Release|Any CPU.Build.0 = Release|Any CPU
		{CE1CACE8-46F1-4C9C-982D-17AE7C723C8F}.Debug|Any CPU.ActiveCfg = Debug|Any CPU
		{CE1CACE8-46F1-4C9C-982D-17AE7C723C8F}.Debug|Any CPU.Build.0 = Debug|Any CPU
		{CE1CACE8-46F1-4C9C-982D-17AE7C723C8F}.Release|Any CPU.ActiveCfg = Release|Any CPU
		{CE1CACE8-46F1-4C9C-982D-17AE7C723C8F}.Release|Any CPU.Build.0 = Release|Any CPU
		{BCE4DDDE-1330-4D06-B6D9-6CE56898E6AB}.Debug|Any CPU.ActiveCfg = Debug|Any CPU
		{BCE4DDDE-1330-4D06-B6D9-6CE56898E6AB}.Debug|Any CPU.Build.0 = Debug|Any CPU
		{BCE4DDDE-1330-4D06-B6D9-6CE56898E6AB}.Release|Any CPU.ActiveCfg = Release|Any CPU
		{BCE4DDDE-1330-4D06-B6D9-6CE56898E6AB}.Release|Any CPU.Build.0 = Release|Any CPU
		{A0084E3D-8847-4EEA-9C16-B9D1F4FBF829}.Debug|Any CPU.ActiveCfg = Debug|Any CPU
		{A0084E3D-8847-4EEA-9C16-B9D1F4FBF829}.Debug|Any CPU.Build.0 = Debug|Any CPU
		{A0084E3D-8847-4EEA-9C16-B9D1F4FBF829}.Release|Any CPU.ActiveCfg = Release|Any CPU
		{A0084E3D-8847-4EEA-9C16-B9D1F4FBF829}.Release|Any CPU.Build.0 = Release|Any CPU
		{A784AD59-005A-4C35-B05D-D925AEA91330}.Debug|Any CPU.ActiveCfg = Debug|Any CPU
		{A784AD59-005A-4C35-B05D-D925AEA91330}.Debug|Any CPU.Build.0 = Debug|Any CPU
		{A784AD59-005A-4C35-B05D-D925AEA91330}.Release|Any CPU.ActiveCfg = Release|Any CPU
		{A784AD59-005A-4C35-B05D-D925AEA91330}.Release|Any CPU.Build.0 = Release|Any CPU
		{0B9BEEF5-5B90-42D0-8CB6-86A7FD908E6E}.Debug|Any CPU.ActiveCfg = Debug|Any CPU
		{0B9BEEF5-5B90-42D0-8CB6-86A7FD908E6E}.Debug|Any CPU.Build.0 = Debug|Any CPU
		{0B9BEEF5-5B90-42D0-8CB6-86A7FD908E6E}.Release|Any CPU.ActiveCfg = Release|Any CPU
		{0B9BEEF5-5B90-42D0-8CB6-86A7FD908E6E}.Release|Any CPU.Build.0 = Release|Any CPU
		{2C655BAC-D7E7-4BF6-BDB4-7AD8B4830844}.Debug|Any CPU.ActiveCfg = Debug|Any CPU
		{2C655BAC-D7E7-4BF6-BDB4-7AD8B4830844}.Debug|Any CPU.Build.0 = Debug|Any CPU
		{2C655BAC-D7E7-4BF6-BDB4-7AD8B4830844}.Release|Any CPU.ActiveCfg = Release|Any CPU
		{2C655BAC-D7E7-4BF6-BDB4-7AD8B4830844}.Release|Any CPU.Build.0 = Release|Any CPU
	EndGlobalSection
	GlobalSection(SolutionProperties) = preSolution
		HideSolutionNode = FALSE
	EndGlobalSection
	GlobalSection(NestedProjects) = preSolution
		{C3DB994D-5958-4095-9119-94F77B19DB39} = {CF0A6C7E-A04F-4823-A23D-E8DBA06505FB}
		{CE1CACE8-46F1-4C9C-982D-17AE7C723C8F} = {15C4A7D1-BFB0-4BAC-8282-85FCA6D4F006}
		{15C4A7D1-BFB0-4BAC-8282-85FCA6D4F006} = {AB8907CF-763C-4095-96AD-F9E94D13A806}
		{7BCEFB91-4307-4F9B-B444-84FF0A31F46C} = {AB8907CF-763C-4095-96AD-F9E94D13A806}
		{8C22D1AD-43FC-40DB-A8D2-299E569FF730} = {AB8907CF-763C-4095-96AD-F9E94D13A806}
		{BCE4DDDE-1330-4D06-B6D9-6CE56898E6AB} = {8C22D1AD-43FC-40DB-A8D2-299E569FF730}
		{A0084E3D-8847-4EEA-9C16-B9D1F4FBF829} = {8C22D1AD-43FC-40DB-A8D2-299E569FF730}
		{A784AD59-005A-4C35-B05D-D925AEA91330} = {7BCEFB91-4307-4F9B-B444-84FF0A31F46C}
		{0B9BEEF5-5B90-42D0-8CB6-86A7FD908E6E} = {7BCEFB91-4307-4F9B-B444-84FF0A31F46C}
		{D412D015-CA39-436B-904D-F84E40BD19E1} = {AB8907CF-763C-4095-96AD-F9E94D13A806}
		{2C655BAC-D7E7-4BF6-BDB4-7AD8B4830844} = {D412D015-CA39-436B-904D-F84E40BD19E1}
	EndGlobalSection
	GlobalSection(ExtensibilityGlobals) = postSolution
		SolutionGuid = {2D0D2C5A-2A92-4D43-B6F5-3A351ECD3C03}
	EndGlobalSection
EndGlobal
